
Microsoft Visual Studio Solution File, Format Version 12.00
# Visual Studio Version 17
VisualStudioVersion = 17.9.34728.123
MinimumVisualStudioVersion = 10.0.40219.1
Project("{FAE04EC0-301F-11D3-BF4B-00C04F79EFBC}") = "CalculatorApp.Android", "CalculatorApp\CalculatorApp.Android\CalculatorApp.Android.csproj", "{93E3D7E9-859E-4DE4-955F-C4B2E031A067}"
EndProject
Project("{FAE04EC0-301F-11D3-BF4B-00C04F79EFBC}") = "CalculatorApp.iOS", "CalculatorApp\CalculatorApp.iOS\CalculatorApp.iOS.csproj", "{75682D27-9423-4C47-8233-BF85F596F8CE}"
EndProject
Project("{FAE04EC0-301F-11D3-BF4B-00C04F79EFBC}") = "CalculatorApp", "CalculatorApp\CalculatorApp\CalculatorApp.csproj", "{4D508B61-CF11-4E5E-818F-38C2B71BF02E}"
EndProject
Global
	GlobalSection(SolutionConfigurationPlatforms) = preSolution
		Debug|Any CPU = Debug|Any CPU
		Debug|iPhone = Debug|iPhone
		Debug|iPhoneSimulator = Debug|iPhoneSimulator
		Release|Any CPU = Release|Any CPU
		Release|iPhone = Release|iPhone
		Release|iPhoneSimulator = Release|iPhoneSimulator
	EndGlobalSection
	GlobalSection(ProjectConfigurationPlatforms) = postSolution
		{93E3D7E9-859E-4DE4-955F-C4B2E031A067}.Debug|Any CPU.ActiveCfg = Debug|Any CPU
		{93E3D7E9-859E-4DE4-955F-C4B2E031A067}.Debug|Any CPU.Build.0 = Debug|Any CPU
		{93E3D7E9-859E-4DE4-955F-C4B2E031A067}.Debug|Any CPU.Deploy.0 = Debug|Any CPU
		{93E3D7E9-859E-4DE4-955F-C4B2E031A067}.Debug|iPhone.ActiveCfg = Debug|Any CPU
		{93E3D7E9-859E-4DE4-955F-C4B2E031A067}.Debug|iPhone.Build.0 = Debug|Any CPU
		{93E3D7E9-859E-4DE4-955F-C4B2E031A067}.Debug|iPhone.Deploy.0 = Debug|Any CPU
		{93E3D7E9-859E-4DE4-955F-C4B2E031A067}.Debug|iPhoneSimulator.ActiveCfg = Debug|Any CPU
		{93E3D7E9-859E-4DE4-955F-C4B2E031A067}.Debug|iPhoneSimulator.Build.0 = Debug|Any CPU
		{93E3D7E9-859E-4DE4-955F-C4B2E031A067}.Debug|iPhoneSimulator.Deploy.0 = Debug|Any CPU
		{93E3D7E9-859E-4DE4-955F-C4B2E031A067}.Release|Any CPU.ActiveCfg = Release|Any CPU
		{93E3D7E9-859E-4DE4-955F-C4B2E031A067}.Release|Any CPU.Build.0 = Release|Any CPU
		{93E3D7E9-859E-4DE4-955F-C4B2E031A067}.Release|Any CPU.Deploy.0 = Release|Any CPU
		{93E3D7E9-859E-4DE4-955F-C4B2E031A067}.Release|iPhone.ActiveCfg = Release|Any CPU
		{93E3D7E9-859E-4DE4-955F-C4B2E031A067}.Release|iPhone.Build.0 = Release|Any CPU
		{93E3D7E9-859E-4DE4-955F-C4B2E031A067}.Release|iPhone.Deploy.0 = Release|Any CPU
		{93E3D7E9-859E-4DE4-955F-C4B2E031A067}.Release|iPhoneSimulator.ActiveCfg = Release|Any CPU
		{93E3D7E9-859E-4DE4-955F-C4B2E031A067}.Release|iPhoneSimulator.Build.0 = Release|Any CPU
		{93E3D7E9-859E-4DE4-955F-C4B2E031A067}.Release|iPhoneSimulator.Deploy.0 = Release|Any CPU
		{75682D27-9423-4C47-8233-BF85F596F8CE}.Debug|Any CPU.ActiveCfg = Debug|iPhone
		{75682D27-9423-4C47-8233-BF85F596F8CE}.Debug|Any CPU.Build.0 = Debug|iPhone
		{75682D27-9423-4C47-8233-BF85F596F8CE}.Debug|Any CPU.Deploy.0 = Debug|iPhone
		{75682D27-9423-4C47-8233-BF85F596F8CE}.Debug|iPhone.ActiveCfg = Debug|iPhone
		{75682D27-9423-4C47-8233-BF85F596F8CE}.Debug|iPhone.Build.0 = Debug|iPhone
		{75682D27-9423-4C47-8233-BF85F596F8CE}.Debug|iPhone.Deploy.0 = Debug|iPhone
		{75682D27-9423-4C47-8233-BF85F596F8CE}.Debug|iPhoneSimulator.ActiveCfg = Debug|iPhoneSimulator
		{75682D27-9423-4C47-8233-BF85F596F8CE}.Debug|iPhoneSimulator.Build.0 = Debug|iPhoneSimulator
		{75682D27-9423-4C47-8233-BF85F596F8CE}.Debug|iPhoneSimulator.Deploy.0 = Debug|iPhoneSimulator
		{75682D27-9423-4C47-8233-BF85F596F8CE}.Release|Any CPU.ActiveCfg = Release|iPhoneSimulator
		{75682D27-9423-4C47-8233-BF85F596F8CE}.Release|Any CPU.Build.0 = Release|iPhoneSimulator
		{75682D27-9423-4C47-8233-BF85F596F8CE}.Release|Any CPU.Deploy.0 = Release|iPhoneSimulator
		{75682D27-9423-4C47-8233-BF85F596F8CE}.Release|iPhone.ActiveCfg = Release|iPhone
		{75682D27-9423-4C47-8233-BF85F596F8CE}.Release|iPhone.Build.0 = Release|iPhone
		{75682D27-9423-4C47-8233-BF85F596F8CE}.Release|iPhone.Deploy.0 = Release|iPhone
		{75682D27-9423-4C47-8233-BF85F596F8CE}.Release|iPhoneSimulator.ActiveCfg = Release|iPhoneSimulator
		{75682D27-9423-4C47-8233-BF85F596F8CE}.Release|iPhoneSimulator.Build.0 = Release|iPhoneSimulator
		{75682D27-9423-4C47-8233-BF85F596F8CE}.Release|iPhoneSimulator.Deploy.0 = Release|iPhoneSimulator
		{4D508B61-CF11-4E5E-818F-38C2B71BF02E}.Debug|Any CPU.ActiveCfg = Debug|Any CPU
		{4D508B61-CF11-4E5E-818F-38C2B71BF02E}.Debug|Any CPU.Build.0 = Debug|Any CPU
		{4D508B61-CF11-4E5E-818F-38C2B71BF02E}.Debug|Any CPU.Deploy.0 = Debug|Any CPU
		{4D508B61-CF11-4E5E-818F-38C2B71BF02E}.Debug|iPhone.ActiveCfg = Debug|Any CPU
		{4D508B61-CF11-4E5E-818F-38C2B71BF02E}.Debug|iPhone.Build.0 = Debug|Any CPU
		{4D508B61-CF11-4E5E-818F-38C2B71BF02E}.Debug|iPhone.Deploy.0 = Debug|Any CPU
		{4D508B61-CF11-4E5E-818F-38C2B71BF02E}.Debug|iPhoneSimulator.ActiveCfg = Debug|Any CPU
		{4D508B61-CF11-4E5E-818F-38C2B71BF02E}.Debug|iPhoneSimulator.Build.0 = Debug|Any CPU
		{4D508B61-CF11-4E5E-818F-38C2B71BF02E}.Debug|iPhoneSimulator.Deploy.0 = Debug|Any CPU
		{4D508B61-CF11-4E5E-818F-38C2B71BF02E}.Release|Any CPU.ActiveCfg = Release|Any CPU
		{4D508B61-CF11-4E5E-818F-38C2B71BF02E}.Release|Any CPU.Build.0 = Release|Any CPU
		{4D508B61-CF11-4E5E-818F-38C2B71BF02E}.Release|Any CPU.Deploy.0 = Release|Any CPU
		{4D508B61-CF11-4E5E-818F-38C2B71BF02E}.Release|iPhone.ActiveCfg = Release|Any CPU
		{4D508B61-CF11-4E5E-818F-38C2B71BF02E}.Release|iPhone.Build.0 = Release|Any CPU
		{4D508B61-CF11-4E5E-818F-38C2B71BF02E}.Release|iPhone.Deploy.0 = Release|Any CPU
		{4D508B61-CF11-4E5E-818F-38C2B71BF02E}.Release|iPhoneSimulator.ActiveCfg = Release|Any CPU
		{4D508B61-CF11-4E5E-818F-38C2B71BF02E}.Release|iPhoneSimulator.Build.0 = Release|Any CPU
		{4D508B61-CF11-4E5E-818F-38C2B71BF02E}.Release|iPhoneSimulator.Deploy.0 = Release|Any CPU
	EndGlobalSection
	GlobalSection(SolutionProperties) = preSolution
		HideSolutionNode = FALSE
	EndGlobalSection
	GlobalSection(ExtensibilityGlobals) = postSolution
		SolutionGuid = {55BA51D0-30E5-451D-ABED-D7B8B11A3E4F}
	EndGlobalSection
EndGlobal
